
Microsoft Visual Studio Solution File, Format Version 12.00
# Visual Studio 15
VisualStudioVersion = 15.0.34526.175
MinimumVisualStudioVersion = 10.0.40219.1
Project("{00D1A9C2-B5F0-4AF3-8072-F6C62B433612}") = "AdventureWorks22", "AdventureWorks22\AdventureWorks22.sqlproj", "{F11D28E4-AAF3-4923-BB3F-2F6419681041}"
EndProject
Global
	GlobalSection(SolutionConfigurationPlatforms) = preSolution
		Debug|Any CPU = Debug|Any CPU
		Release|Any CPU = Release|Any CPU
	EndGlobalSection
	GlobalSection(ProjectConfigurationPlatforms) = postSolution
		{F11D28E4-AAF3-4923-BB3F-2F6419681041}.Debug|Any CPU.ActiveCfg = Debug|Any CPU
		{F11D28E4-AAF3-4923-BB3F-2F6419681041}.Debug|Any CPU.Build.0 = Debug|Any CPU
		{F11D28E4-AAF3-4923-BB3F-2F6419681041}.Debug|Any CPU.Deploy.0 = Debug|Any CPU
		{F11D28E4-AAF3-4923-BB3F-2F6419681041}.Release|Any CPU.ActiveCfg = Release|Any CPU
		{F11D28E4-AAF3-4923-BB3F-2F6419681041}.Release|Any CPU.Build.0 = Release|Any CPU
		{F11D28E4-AAF3-4923-BB3F-2F6419681041}.Release|Any CPU.Deploy.0 = Release|Any CPU
	EndGlobalSection
	GlobalSection(SolutionProperties) = preSolution
		HideSolutionNode = FALSE
	EndGlobalSection
	GlobalSection(ExtensibilityGlobals) = postSolution
		SolutionGuid = {5A5F5007-B6F7-4B99-8E05-D54D99EAF0DB}
	EndGlobalSection
EndGlobal
