
Microsoft Visual Studio Solution File, Format Version 12.00
# Visual Studio 15
VisualStudioVersion = 15.0.34526.175
MinimumVisualStudioVersion = 10.0.40219.1
Project("{00D1A9C2-B5F0-4AF3-8072-F6C62B433612}") = "AWAutomationTest", "AWAutomationTest\AWAutomationTest.sqlproj", "{BA943E49-258E-4B08-A3E4-38D348344750}"
EndProject
Global
	GlobalSection(SolutionConfigurationPlatforms) = preSolution
		Debug|Any CPU = Debug|Any CPU
		Release|Any CPU = Release|Any CPU
	EndGlobalSection
	GlobalSection(ProjectConfigurationPlatforms) = postSolution
		{BA943E49-258E-4B08-A3E4-38D348344750}.Debug|Any CPU.ActiveCfg = Debug|Any CPU
		{BA943E49-258E-4B08-A3E4-38D348344750}.Debug|Any CPU.Build.0 = Debug|Any CPU
		{BA943E49-258E-4B08-A3E4-38D348344750}.Debug|Any CPU.Deploy.0 = Debug|Any CPU
		{BA943E49-258E-4B08-A3E4-38D348344750}.Release|Any CPU.ActiveCfg = Release|Any CPU
		{BA943E49-258E-4B08-A3E4-38D348344750}.Release|Any CPU.Build.0 = Release|Any CPU
		{BA943E49-258E-4B08-A3E4-38D348344750}.Release|Any CPU.Deploy.0 = Release|Any CPU
	EndGlobalSection
	GlobalSection(SolutionProperties) = preSolution
		HideSolutionNode = FALSE
	EndGlobalSection
	GlobalSection(ExtensibilityGlobals) = postSolution
		SolutionGuid = {EBE21F1F-7675-4F8C-9038-5E156D4562B8}
	EndGlobalSection
EndGlobal
